// !$*UTF8*$!
{
	archiveVersion = 1;
	classes = {
	};
	objectVersion = 46;
	objects = {

/* Begin PBXBuildFile section */
		69193EAB196E2F7200AC2473 /* Foundation.framework in Frameworks */ = {isa = PBXBuildFile; fileRef = 69193EAA196E2F7200AC2473 /* Foundation.framework */; };
		69193EAD196E2F7200AC2473 /* CoreGraphics.framework in Frameworks */ = {isa = PBXBuildFile; fileRef = 69193EAC196E2F7200AC2473 /* CoreGraphics.framework */; };
		69193EAF196E2F7200AC2473 /* UIKit.framework in Frameworks */ = {isa = PBXBuildFile; fileRef = 69193EAE196E2F7200AC2473 /* UIKit.framework */; };
		69193EB5196E2F7200AC2473 /* InfoPlist.strings in Resources */ = {isa = PBXBuildFile; fileRef = 69193EB3196E2F7200AC2473 /* InfoPlist.strings */; };
		69193EB7196E2F7200AC2473 /* main.m in Sources */ = {isa = PBXBuildFile; fileRef = 69193EB6196E2F7200AC2473 /* main.m */; };
		69193EBB196E2F7200AC2473 /* AppDelegate.m in Sources */ = {isa = PBXBuildFile; fileRef = 69193EBA196E2F7200AC2473 /* AppDelegate.m */; };
		69193EBE196E2F7200AC2473 /* Main.storyboard in Resources */ = {isa = PBXBuildFile; fileRef = 69193EBC196E2F7200AC2473 /* Main.storyboard */; };
		69193EC1196E2F7200AC2473 /* ViewController.m in Sources */ = {isa = PBXBuildFile; fileRef = 69193EC0196E2F7200AC2473 /* ViewController.m */; };
		69193EC3196E2F7200AC2473 /* Images.xcassets in Resources */ = {isa = PBXBuildFile; fileRef = 69193EC2196E2F7200AC2473 /* Images.xcassets */; };
		69193ECA196E2F7200AC2473 /* XCTest.framework in Frameworks */ = {isa = PBXBuildFile; fileRef = 69193EC9196E2F7200AC2473 /* XCTest.framework */; };
		69193ECB196E2F7200AC2473 /* Foundation.framework in Frameworks */ = {isa = PBXBuildFile; fileRef = 69193EAA196E2F7200AC2473 /* Foundation.framework */; };
		69193ECC196E2F7200AC2473 /* UIKit.framework in Frameworks */ = {isa = PBXBuildFile; fileRef = 69193EAE196E2F7200AC2473 /* UIKit.framework */; };
		69193ED4196E2F7200AC2473 /* InfoPlist.strings in Resources */ = {isa = PBXBuildFile; fileRef = 69193ED2196E2F7200AC2473 /* InfoPlist.strings */; };
		69193ED6196E2F7200AC2473 /* ModouApiTestTests.m in Sources */ = {isa = PBXBuildFile; fileRef = 69193ED5196E2F7200AC2473 /* ModouApiTestTests.m */; };
		69193EE0196E2FAE00AC2473 /* services_default_bg@2x.png in Resources */ = {isa = PBXBuildFile; fileRef = 69193EDF196E2FAE00AC2473 /* services_default_bg@2x.png */; };
		69193EE3196E2FB600AC2473 /* avatar_modou_router_57@2x.png in Resources */ = {isa = PBXBuildFile; fileRef = 69193EE1196E2FB600AC2473 /* avatar_modou_router_57@2x.png */; };
		69193EE4196E2FB600AC2473 /* avatar_modou_router_80@2x.png in Resources */ = {isa = PBXBuildFile; fileRef = 69193EE2196E2FB600AC2473 /* avatar_modou_router_80@2x.png */; };
		69193EEA196E308900AC2473 /* UIImage+ImageEffects.m in Sources */ = {isa = PBXBuildFile; fileRef = 69193EE9196E308900AC2473 /* UIImage+ImageEffects.m */; };
		69193EED196E34B100AC2473 /* LYBDiscoverService.m in Sources */ = {isa = PBXBuildFile; fileRef = 69193EEC196E34B100AC2473 /* LYBDiscoverService.m */; };
		69193EEF196E363800AC2473 /* include in Resources */ = {isa = PBXBuildFile; fileRef = 69193EEE196E363800AC2473 /* include */; };
		69193EF5196E364100AC2473 /* adig.m in Sources */ = {isa = PBXBuildFile; fileRef = 69193EF0196E364100AC2473 /* adig.m */; };
		69193EF6196E364100AC2473 /* ahost.m in Sources */ = {isa = PBXBuildFile; fileRef = 69193EF1196E364100AC2473 /* ahost.m */; };
		69193EF7196E364100AC2473 /* librout.a in Frameworks */ = {isa = PBXBuildFile; fileRef = 69193EF2196E364100AC2473 /* librout.a */; };
		69193EF8196E364100AC2473 /* libcaresUB.a in Frameworks */ = {isa = PBXBuildFile; fileRef = 69193EF4196E364100AC2473 /* libcaresUB.a */; };
		69193EFA196E368300AC2473 /* libresolv.9.dylib in Frameworks */ = {isa = PBXBuildFile; fileRef = 69193EF9196E368300AC2473 /* libresolv.9.dylib */; };
		69193F2C196E3BC500AC2473 /* AFHTTPRequestOperation.m in Sources */ = {isa = PBXBuildFile; fileRef = 69193F1A196E3BC400AC2473 /* AFHTTPRequestOperation.m */; };
		69193F2D196E3BC500AC2473 /* AFHTTPRequestOperationManager.m in Sources */ = {isa = PBXBuildFile; fileRef = 69193F1C196E3BC400AC2473 /* AFHTTPRequestOperationManager.m */; };
		69193F2E196E3BC500AC2473 /* AFHTTPSessionManager.m in Sources */ = {isa = PBXBuildFile; fileRef = 69193F1E196E3BC400AC2473 /* AFHTTPSessionManager.m */; };
		69193F2F196E3BC500AC2473 /* AFNetworkReachabilityManager.m in Sources */ = {isa = PBXBuildFile; fileRef = 69193F21196E3BC400AC2473 /* AFNetworkReachabilityManager.m */; };
		69193F30196E3BC500AC2473 /* AFSecurityPolicy.m in Sources */ = {isa = PBXBuildFile; fileRef = 69193F23196E3BC400AC2473 /* AFSecurityPolicy.m */; };
		69193F31196E3BC500AC2473 /* AFURLConnectionOperation.m in Sources */ = {isa = PBXBuildFile; fileRef = 69193F25196E3BC400AC2473 /* AFURLConnectionOperation.m */; };
		69193F32196E3BC500AC2473 /* AFURLRequestSerialization.m in Sources */ = {isa = PBXBuildFile; fileRef = 69193F27196E3BC500AC2473 /* AFURLRequestSerialization.m */; };
		69193F33196E3BC500AC2473 /* AFURLResponseSerialization.m in Sources */ = {isa = PBXBuildFile; fileRef = 69193F29196E3BC500AC2473 /* AFURLResponseSerialization.m */; };
		69193F34196E3BC500AC2473 /* AFURLSessionManager.m in Sources */ = {isa = PBXBuildFile; fileRef = 69193F2B196E3BC500AC2473 /* AFURLSessionManager.m */; };
		69193F38196E3D6B00AC2473 /* DetailViewController.m in Sources */ = {isa = PBXBuildFile; fileRef = 69193F37196E3D6B00AC2473 /* DetailViewController.m */; };
/* End PBXBuildFile section */

/* Begin PBXContainerItemProxy section */
		69193ECD196E2F7200AC2473 /* PBXContainerItemProxy */ = {
			isa = PBXContainerItemProxy;
			containerPortal = 69193E9F196E2F7200AC2473 /* Project object */;
			proxyType = 1;
			remoteGlobalIDString = 69193EA6196E2F7200AC2473;
			remoteInfo = ModouApiTest;
		};
/* End PBXContainerItemProxy section */

/* Begin PBXFileReference section */
		69193EA7196E2F7200AC2473 /* ModouApiTest.app */ = {isa = PBXFileReference; explicitFileType = wrapper.application; includeInIndex = 0; path = ModouApiTest.app; sourceTree = BUILT_PRODUCTS_DIR; };
		69193EAA196E2F7200AC2473 /* Foundation.framework */ = {isa = PBXFileReference; lastKnownFileType = wrapper.framework; name = Foundation.framework; path = System/Library/Frameworks/Foundation.framework; sourceTree = SDKROOT; };
		69193EAC196E2F7200AC2473 /* CoreGraphics.framework */ = {isa = PBXFileReference; lastKnownFileType = wrapper.framework; name = CoreGraphics.framework; path = System/Library/Frameworks/CoreGraphics.framework; sourceTree = SDKROOT; };
		69193EAE196E2F7200AC2473 /* UIKit.framework */ = {isa = PBXFileReference; lastKnownFileType = wrapper.framework; name = UIKit.framework; path = System/Library/Frameworks/UIKit.framework; sourceTree = SDKROOT; };
		69193EB2196E2F7200AC2473 /* ModouApiTest-Info.plist */ = {isa = PBXFileReference; lastKnownFileType = text.plist.xml; path = "ModouApiTest-Info.plist"; sourceTree = "<group>"; };
		69193EB4196E2F7200AC2473 /* en */ = {isa = PBXFileReference; lastKnownFileType = text.plist.strings; name = en; path = en.lproj/InfoPlist.strings; sourceTree = "<group>"; };
		69193EB6196E2F7200AC2473 /* main.m */ = {isa = PBXFileReference; lastKnownFileType = sourcecode.c.objc; path = main.m; sourceTree = "<group>"; };
		69193EB8196E2F7200AC2473 /* ModouApiTest-Prefix.pch */ = {isa = PBXFileReference; lastKnownFileType = sourcecode.c.h; path = "ModouApiTest-Prefix.pch"; sourceTree = "<group>"; };
		69193EB9196E2F7200AC2473 /* AppDelegate.h */ = {isa = PBXFileReference; lastKnownFileType = sourcecode.c.h; path = AppDelegate.h; sourceTree = "<group>"; };
		69193EBA196E2F7200AC2473 /* AppDelegate.m */ = {isa = PBXFileReference; lastKnownFileType = sourcecode.c.objc; path = AppDelegate.m; sourceTree = "<group>"; };
		69193EBD196E2F7200AC2473 /* Base */ = {isa = PBXFileReference; lastKnownFileType = file.storyboard; name = Base; path = Base.lproj/Main.storyboard; sourceTree = "<group>"; };
		69193EBF196E2F7200AC2473 /* ViewController.h */ = {isa = PBXFileReference; lastKnownFileType = sourcecode.c.h; path = ViewController.h; sourceTree = "<group>"; };
		69193EC0196E2F7200AC2473 /* ViewController.m */ = {isa = PBXFileReference; lastKnownFileType = sourcecode.c.objc; path = ViewController.m; sourceTree = "<group>"; };
		69193EC2196E2F7200AC2473 /* Images.xcassets */ = {isa = PBXFileReference; lastKnownFileType = folder.assetcatalog; path = Images.xcassets; sourceTree = "<group>"; };
		69193EC8196E2F7200AC2473 /* ModouApiTestTests.xctest */ = {isa = PBXFileReference; explicitFileType = wrapper.cfbundle; includeInIndex = 0; path = ModouApiTestTests.xctest; sourceTree = BUILT_PRODUCTS_DIR; };
		69193EC9196E2F7200AC2473 /* XCTest.framework */ = {isa = PBXFileReference; lastKnownFileType = wrapper.framework; name = XCTest.framework; path = Library/Frameworks/XCTest.framework; sourceTree = DEVELOPER_DIR; };
		69193ED1196E2F7200AC2473 /* ModouApiTestTests-Info.plist */ = {isa = PBXFileReference; lastKnownFileType = text.plist.xml; path = "ModouApiTestTests-Info.plist"; sourceTree = "<group>"; };
		69193ED3196E2F7200AC2473 /* en */ = {isa = PBXFileReference; lastKnownFileType = text.plist.strings; name = en; path = en.lproj/InfoPlist.strings; sourceTree = "<group>"; };
		69193ED5196E2F7200AC2473 /* ModouApiTestTests.m */ = {isa = PBXFileReference; lastKnownFileType = sourcecode.c.objc; path = ModouApiTestTests.m; sourceTree = "<group>"; };
		69193EDF196E2FAE00AC2473 /* services_default_bg@2x.png */ = {isa = PBXFileReference; lastKnownFileType = image.png; path = "services_default_bg@2x.png"; sourceTree = "<group>"; };
		69193EE1196E2FB600AC2473 /* avatar_modou_router_57@2x.png */ = {isa = PBXFileReference; lastKnownFileType = image.png; path = "avatar_modou_router_57@2x.png"; sourceTree = "<group>"; };
		69193EE2196E2FB600AC2473 /* avatar_modou_router_80@2x.png */ = {isa = PBXFileReference; lastKnownFileType = image.png; path = "avatar_modou_router_80@2x.png"; sourceTree = "<group>"; };
		69193EE8196E308900AC2473 /* UIImage+ImageEffects.h */ = {isa = PBXFileReference; fileEncoding = 4; lastKnownFileType = sourcecode.c.h; path = "UIImage+ImageEffects.h"; sourceTree = "<group>"; };
		69193EE9196E308900AC2473 /* UIImage+ImageEffects.m */ = {isa = PBXFileReference; fileEncoding = 4; lastKnownFileType = sourcecode.c.objc; path = "UIImage+ImageEffects.m"; sourceTree = "<group>"; };
		69193EEB196E34B100AC2473 /* LYBDiscoverService.h */ = {isa = PBXFileReference; fileEncoding = 4; lastKnownFileType = sourcecode.c.h; path = LYBDiscoverService.h; sourceTree = "<group>"; };
		69193EEC196E34B100AC2473 /* LYBDiscoverService.m */ = {isa = PBXFileReference; fileEncoding = 4; lastKnownFileType = sourcecode.c.objc; path = LYBDiscoverService.m; sourceTree = "<group>"; };
		69193EEE196E363800AC2473 /* include */ = {isa = PBXFileReference; lastKnownFileType = folder; path = include; sourceTree = "<group>"; };
		69193EF0196E364100AC2473 /* adig.m */ = {isa = PBXFileReference; fileEncoding = 4; lastKnownFileType = sourcecode.c.objc; path = adig.m; sourceTree = "<group>"; };
		69193EF1196E364100AC2473 /* ahost.m */ = {isa = PBXFileReference; fileEncoding = 4; lastKnownFileType = sourcecode.c.objc; path = ahost.m; sourceTree = "<group>"; };
		69193EF2196E364100AC2473 /* librout.a */ = {isa = PBXFileReference; lastKnownFileType = archive.ar; path = librout.a; sourceTree = "<group>"; };
		69193EF3196E364100AC2473 /* nameser.h */ = {isa = PBXFileReference; fileEncoding = 4; lastKnownFileType = sourcecode.c.h; path = nameser.h; sourceTree = "<group>"; };
		69193EF4196E364100AC2473 /* libcaresUB.a */ = {isa = PBXFileReference; lastKnownFileType = archive.ar; path = libcaresUB.a; sourceTree = "<group>"; };
		69193EF9196E368300AC2473 /* libresolv.9.dylib */ = {isa = PBXFileReference; lastKnownFileType = "compiled.mach-o.dylib"; name = libresolv.9.dylib; path = usr/lib/libresolv.9.dylib; sourceTree = SDKROOT; };
		69193F19196E3BC400AC2473 /* AFHTTPRequestOperation.h */ = {isa = PBXFileReference; fileEncoding = 4; lastKnownFileType = sourcecode.c.h; path = AFHTTPRequestOperation.h; sourceTree = "<group>"; };
		69193F1A196E3BC400AC2473 /* AFHTTPRequestOperation.m */ = {isa = PBXFileReference; fileEncoding = 4; lastKnownFileType = sourcecode.c.objc; path = AFHTTPRequestOperation.m; sourceTree = "<group>"; };
		69193F1B196E3BC400AC2473 /* AFHTTPRequestOperationManager.h */ = {isa = PBXFileReference; fileEncoding = 4; lastKnownFileType = sourcecode.c.h; path = AFHTTPRequestOperationManager.h; sourceTree = "<group>"; };
		69193F1C196E3BC400AC2473 /* AFHTTPRequestOperationManager.m */ = {isa = PBXFileReference; fileEncoding = 4; lastKnownFileType = sourcecode.c.objc; path = AFHTTPRequestOperationManager.m; sourceTree = "<group>"; };
		69193F1D196E3BC400AC2473 /* AFHTTPSessionManager.h */ = {isa = PBXFileReference; fileEncoding = 4; lastKnownFileType = sourcecode.c.h; path = AFHTTPSessionManager.h; sourceTree = "<group>"; };
		69193F1E196E3BC400AC2473 /* AFHTTPSessionManager.m */ = {isa = PBXFileReference; fileEncoding = 4; lastKnownFileType = sourcecode.c.objc; path = AFHTTPSessionManager.m; sourceTree = "<group>"; };
		69193F1F196E3BC400AC2473 /* AFNetworking.h */ = {isa = PBXFileReference; fileEncoding = 4; lastKnownFileType = sourcecode.c.h; path = AFNetworking.h; sourceTree = "<group>"; };
		69193F20196E3BC400AC2473 /* AFNetworkReachabilityManager.h */ = {isa = PBXFileReference; fileEncoding = 4; lastKnownFileType = sourcecode.c.h; path = AFNetworkReachabilityManager.h; sourceTree = "<group>"; };
		69193F21196E3BC400AC2473 /* AFNetworkReachabilityManager.m */ = {isa = PBXFileReference; fileEncoding = 4; lastKnownFileType = sourcecode.c.objc; path = AFNetworkReachabilityManager.m; sourceTree = "<group>"; };
		69193F22196E3BC400AC2473 /* AFSecurityPolicy.h */ = {isa = PBXFileReference; fileEncoding = 4; lastKnownFileType = sourcecode.c.h; path = AFSecurityPolicy.h; sourceTree = "<group>"; };
		69193F23196E3BC400AC2473 /* AFSecurityPolicy.m */ = {isa = PBXFileReference; fileEncoding = 4; lastKnownFileType = sourcecode.c.objc; path = AFSecurityPolicy.m; sourceTree = "<group>"; };
		69193F24196E3BC400AC2473 /* AFURLConnectionOperation.h */ = {isa = PBXFileReference; fileEncoding = 4; lastKnownFileType = sourcecode.c.h; path = AFURLConnectionOperation.h; sourceTree = "<group>"; };
		69193F25196E3BC400AC2473 /* AFURLConnectionOperation.m */ = {isa = PBXFileReference; fileEncoding = 4; lastKnownFileType = sourcecode.c.objc; path = AFURLConnectionOperation.m; sourceTree = "<group>"; };
		69193F26196E3BC500AC2473 /* AFURLRequestSerialization.h */ = {isa = PBXFileReference; fileEncoding = 4; lastKnownFileType = sourcecode.c.h; path = AFURLRequestSerialization.h; sourceTree = "<group>"; };
		69193F27196E3BC500AC2473 /* AFURLRequestSerialization.m */ = {isa = PBXFileReference; fileEncoding = 4; lastKnownFileType = sourcecode.c.objc; path = AFURLRequestSerialization.m; sourceTree = "<group>"; };
		69193F28196E3BC500AC2473 /* AFURLResponseSerialization.h */ = {isa = PBXFileReference; fileEncoding = 4; lastKnownFileType = sourcecode.c.h; path = AFURLResponseSerialization.h; sourceTree = "<group>"; };
		69193F29196E3BC500AC2473 /* AFURLResponseSerialization.m */ = {isa = PBXFileReference; fileEncoding = 4; lastKnownFileType = sourcecode.c.objc; path = AFURLResponseSerialization.m; sourceTree = "<group>"; };
		69193F2A196E3BC500AC2473 /* AFURLSessionManager.h */ = {isa = PBXFileReference; fileEncoding = 4; lastKnownFileType = sourcecode.c.h; path = AFURLSessionManager.h; sourceTree = "<group>"; };
		69193F2B196E3BC500AC2473 /* AFURLSessionManager.m */ = {isa = PBXFileReference; fileEncoding = 4; lastKnownFileType = sourcecode.c.objc; path = AFURLSessionManager.m; sourceTree = "<group>"; };
		69193F36196E3D6B00AC2473 /* DetailViewController.h */ = {isa = PBXFileReference; fileEncoding = 4; lastKnownFileType = sourcecode.c.h; path = DetailViewController.h; sourceTree = "<group>"; };
		69193F37196E3D6B00AC2473 /* DetailViewController.m */ = {isa = PBXFileReference; fileEncoding = 4; lastKnownFileType = sourcecode.c.objc; path = DetailViewController.m; sourceTree = "<group>"; };
/* End PBXFileReference section */

/* Begin PBXFrameworksBuildPhase section */
		69193EA4196E2F7200AC2473 /* Frameworks */ = {
			isa = PBXFrameworksBuildPhase;
			buildActionMask = 2147483647;
			files = (
				69193EFA196E368300AC2473 /* libresolv.9.dylib in Frameworks */,
				69193EF8196E364100AC2473 /* libcaresUB.a in Frameworks */,
				69193EAD196E2F7200AC2473 /* CoreGraphics.framework in Frameworks */,
				69193EF7196E364100AC2473 /* librout.a in Frameworks */,
				69193EAF196E2F7200AC2473 /* UIKit.framework in Frameworks */,
				69193EAB196E2F7200AC2473 /* Foundation.framework in Frameworks */,
			);
			runOnlyForDeploymentPostprocessing = 0;
		};
		69193EC5196E2F7200AC2473 /* Frameworks */ = {
			isa = PBXFrameworksBuildPhase;
			buildActionMask = 2147483647;
			files = (
				69193ECA196E2F7200AC2473 /* XCTest.framework in Frameworks */,
				69193ECC196E2F7200AC2473 /* UIKit.framework in Frameworks */,
				69193ECB196E2F7200AC2473 /* Foundation.framework in Frameworks */,
			);
			runOnlyForDeploymentPostprocessing = 0;
		};
/* End PBXFrameworksBuildPhase section */

/* Begin PBXGroup section */
		69193E9E196E2F7200AC2473 = {
			isa = PBXGroup;
			children = (
				69193F35196E3D4000AC2473 /* AF */,
				69193EB0196E2F7200AC2473 /* ModouApiTest */,
				69193ECF196E2F7200AC2473 /* ModouApiTestTests */,
				69193EA9196E2F7200AC2473 /* Frameworks */,
				69193EA8196E2F7200AC2473 /* Products */,
			);
			sourceTree = "<group>";
		};
		69193EA8196E2F7200AC2473 /* Products */ = {
			isa = PBXGroup;
			children = (
				69193EA7196E2F7200AC2473 /* ModouApiTest.app */,
				69193EC8196E2F7200AC2473 /* ModouApiTestTests.xctest */,
			);
			name = Products;
			sourceTree = "<group>";
		};
		69193EA9196E2F7200AC2473 /* Frameworks */ = {
			isa = PBXGroup;
			children = (
				69193EF9196E368300AC2473 /* libresolv.9.dylib */,
				69193EAA196E2F7200AC2473 /* Foundation.framework */,
				69193EAC196E2F7200AC2473 /* CoreGraphics.framework */,
				69193EAE196E2F7200AC2473 /* UIKit.framework */,
				69193EC9196E2F7200AC2473 /* XCTest.framework */,
			);
			name = Frameworks;
			sourceTree = "<group>";
		};
		69193EB0196E2F7200AC2473 /* ModouApiTest */ = {
			isa = PBXGroup;
			children = (
				69193EF0196E364100AC2473 /* adig.m */,
				69193EF1196E364100AC2473 /* ahost.m */,
				69193EF2196E364100AC2473 /* librout.a */,
				69193EF3196E364100AC2473 /* nameser.h */,
				69193EF4196E364100AC2473 /* libcaresUB.a */,
				69193EEE196E363800AC2473 /* include */,
				69193EEB196E34B100AC2473 /* LYBDiscoverService.h */,
				69193EEC196E34B100AC2473 /* LYBDiscoverService.m */,
				69193EE8196E308900AC2473 /* UIImage+ImageEffects.h */,
				69193EE9196E308900AC2473 /* UIImage+ImageEffects.m */,
				69193EE1196E2FB600AC2473 /* avatar_modou_router_57@2x.png */,
				69193EE2196E2FB600AC2473 /* avatar_modou_router_80@2x.png */,
				69193EDF196E2FAE00AC2473 /* services_default_bg@2x.png */,
				69193EB9196E2F7200AC2473 /* AppDelegate.h */,
				69193EBA196E2F7200AC2473 /* AppDelegate.m */,
				69193EBC196E2F7200AC2473 /* Main.storyboard */,
				69193EBF196E2F7200AC2473 /* ViewController.h */,
				69193EC0196E2F7200AC2473 /* ViewController.m */,
				69193F36196E3D6B00AC2473 /* DetailViewController.h */,
				69193F37196E3D6B00AC2473 /* DetailViewController.m */,
				69193EC2196E2F7200AC2473 /* Images.xcassets */,
				69193EB1196E2F7200AC2473 /* Supporting Files */,
			);
			path = ModouApiTest;
			sourceTree = "<group>";
		};
		69193EB1196E2F7200AC2473 /* Supporting Files */ = {
			isa = PBXGroup;
			children = (
				69193EB2196E2F7200AC2473 /* ModouApiTest-Info.plist */,
				69193EB3196E2F7200AC2473 /* InfoPlist.strings */,
				69193EB6196E2F7200AC2473 /* main.m */,
				69193EB8196E2F7200AC2473 /* ModouApiTest-Prefix.pch */,
			);
			name = "Supporting Files";
			sourceTree = "<group>";
		};
		69193ECF196E2F7200AC2473 /* ModouApiTestTests */ = {
			isa = PBXGroup;
			children = (
				69193ED5196E2F7200AC2473 /* ModouApiTestTests.m */,
				69193ED0196E2F7200AC2473 /* Supporting Files */,
			);
			path = ModouApiTestTests;
			sourceTree = "<group>";
		};
		69193ED0196E2F7200AC2473 /* Supporting Files */ = {
			isa = PBXGroup;
			children = (
				69193ED1196E2F7200AC2473 /* ModouApiTestTests-Info.plist */,
				69193ED2196E2F7200AC2473 /* InfoPlist.strings */,
			);
			name = "Supporting Files";
			sourceTree = "<group>";
		};
		69193F35196E3D4000AC2473 /* AF */ = {
			isa = PBXGroup;
			children = (
				69193F19196E3BC400AC2473 /* AFHTTPRequestOperation.h */,
				69193F1A196E3BC400AC2473 /* AFHTTPRequestOperation.m */,
				69193F1B196E3BC400AC2473 /* AFHTTPRequestOperationManager.h */,
				69193F1C196E3BC400AC2473 /* AFHTTPRequestOperationManager.m */,
				69193F1D196E3BC400AC2473 /* AFHTTPSessionManager.h */,
				69193F1E196E3BC400AC2473 /* AFHTTPSessionManager.m */,
				69193F1F196E3BC400AC2473 /* AFNetworking.h */,
				69193F20196E3BC400AC2473 /* AFNetworkReachabilityManager.h */,
				69193F21196E3BC400AC2473 /* AFNetworkReachabilityManager.m */,
				69193F22196E3BC400AC2473 /* AFSecurityPolicy.h */,
				69193F23196E3BC400AC2473 /* AFSecurityPolicy.m */,
				69193F24196E3BC400AC2473 /* AFURLConnectionOperation.h */,
				69193F25196E3BC400AC2473 /* AFURLConnectionOperation.m */,
				69193F26196E3BC500AC2473 /* AFURLRequestSerialization.h */,
				69193F27196E3BC500AC2473 /* AFURLRequestSerialization.m */,
				69193F28196E3BC500AC2473 /* AFURLResponseSerialization.h */,
				69193F29196E3BC500AC2473 /* AFURLResponseSerialization.m */,
				69193F2A196E3BC500AC2473 /* AFURLSessionManager.h */,
				69193F2B196E3BC500AC2473 /* AFURLSessionManager.m */,
			);
			name = AF;
			sourceTree = "<group>";
		};
/* End PBXGroup section */

/* Begin PBXNativeTarget section */
		69193EA6196E2F7200AC2473 /* ModouApiTest */ = {
			isa = PBXNativeTarget;
			buildConfigurationList = 69193ED9196E2F7200AC2473 /* Build configuration list for PBXNativeTarget "ModouApiTest" */;
			buildPhases = (
				69193EA3196E2F7200AC2473 /* Sources */,
				69193EA4196E2F7200AC2473 /* Frameworks */,
				69193EA5196E2F7200AC2473 /* Resources */,
			);
			buildRules = (
			);
			dependencies = (
			);
			name = ModouApiTest;
			productName = ModouApiTest;
			productReference = 69193EA7196E2F7200AC2473 /* ModouApiTest.app */;
			productType = "com.apple.product-type.application";
		};
		69193EC7196E2F7200AC2473 /* ModouApiTestTests */ = {
			isa = PBXNativeTarget;
			buildConfigurationList = 69193EDC196E2F7200AC2473 /* Build configuration list for PBXNativeTarget "ModouApiTestTests" */;
			buildPhases = (
				69193EC4196E2F7200AC2473 /* Sources */,
				69193EC5196E2F7200AC2473 /* Frameworks */,
				69193EC6196E2F7200AC2473 /* Resources */,
			);
			buildRules = (
			);
			dependencies = (
				69193ECE196E2F7200AC2473 /* PBXTargetDependency */,
			);
			name = ModouApiTestTests;
			productName = ModouApiTestTests;
			productReference = 69193EC8196E2F7200AC2473 /* ModouApiTestTests.xctest */;
			productType = "com.apple.product-type.bundle.unit-test";
		};
/* End PBXNativeTarget section */

/* Begin PBXProject section */
		69193E9F196E2F7200AC2473 /* Project object */ = {
			isa = PBXProject;
			attributes = {
				LastUpgradeCheck = 0510;
				ORGANIZATIONNAME = "Kong XiangBo";
				TargetAttributes = {
					69193EC7196E2F7200AC2473 = {
						TestTargetID = 69193EA6196E2F7200AC2473;
					};
				};
			};
			buildConfigurationList = 69193EA2196E2F7200AC2473 /* Build configuration list for PBXProject "ModouApiTest" */;
			compatibilityVersion = "Xcode 3.2";
			developmentRegion = English;
			hasScannedForEncodings = 0;
			knownRegions = (
				en,
				Base,
			);
			mainGroup = 69193E9E196E2F7200AC2473;
			productRefGroup = 69193EA8196E2F7200AC2473 /* Products */;
			projectDirPath = "";
			projectRoot = "";
			targets = (
				69193EA6196E2F7200AC2473 /* ModouApiTest */,
				69193EC7196E2F7200AC2473 /* ModouApiTestTests */,
			);
		};
/* End PBXProject section */

/* Begin PBXResourcesBuildPhase section */
		69193EA5196E2F7200AC2473 /* Resources */ = {
			isa = PBXResourcesBuildPhase;
			buildActionMask = 2147483647;
			files = (
				69193EC3196E2F7200AC2473 /* Images.xcassets in Resources */,
				69193EEF196E363800AC2473 /* include in Resources */,
				69193EB5196E2F7200AC2473 /* InfoPlist.strings in Resources */,
				69193EBE196E2F7200AC2473 /* Main.storyboard in Resources */,
				69193EE4196E2FB600AC2473 /* avatar_modou_router_80@2x.png in Resources */,
				69193EE3196E2FB600AC2473 /* avatar_modou_router_57@2x.png in Resources */,
				69193EE0196E2FAE00AC2473 /* services_default_bg@2x.png in Resources */,
			);
			runOnlyForDeploymentPostprocessing = 0;
		};
		69193EC6196E2F7200AC2473 /* Resources */ = {
			isa = PBXResourcesBuildPhase;
			buildActionMask = 2147483647;
			files = (
				69193ED4196E2F7200AC2473 /* InfoPlist.strings in Resources */,
			);
			runOnlyForDeploymentPostprocessing = 0;
		};
/* End PBXResourcesBuildPhase section */

/* Begin PBXSourcesBuildPhase section */
		69193EA3196E2F7200AC2473 /* Sources */ = {
			isa = PBXSourcesBuildPhase;
			buildActionMask = 2147483647;
			files = (
				69193F31196E3BC500AC2473 /* AFURLConnectionOperation.m in Sources */,
				69193EEA196E308900AC2473 /* UIImage+ImageEffects.m in Sources */,
				69193F38196E3D6B00AC2473 /* DetailViewController.m in Sources */,
				69193EED196E34B100AC2473 /* LYBDiscoverService.m in Sources */,
				69193EF6196E364100AC2473 /* ahost.m in Sources */,
				69193F33196E3BC500AC2473 /* AFURLResponseSerialization.m in Sources */,
				69193EF5196E364100AC2473 /* adig.m in Sources */,
				69193F32196E3BC500AC2473 /* AFURLRequestSerialization.m in Sources */,
				69193F30196E3BC500AC2473 /* AFSecurityPolicy.m in Sources */,
				69193F2C196E3BC500AC2473 /* AFHTTPRequestOperation.m in Sources */,
				69193F34196E3BC500AC2473 /* AFURLSessionManager.m in Sources */,
				69193EC1196E2F7200AC2473 /* ViewController.m in Sources */,
				69193EBB196E2F7200AC2473 /* AppDelegate.m in Sources */,
				69193F2E196E3BC500AC2473 /* AFHTTPSessionManager.m in Sources */,
				69193EB7196E2F7200AC2473 /* main.m in Sources */,
				69193F2F196E3BC500AC2473 /* AFNetworkReachabilityManager.m in Sources */,
				69193F2D196E3BC500AC2473 /* AFHTTPRequestOperationManager.m in Sources */,
			);
			runOnlyForDeploymentPostprocessing = 0;
		};
		69193EC4196E2F7200AC2473 /* Sources */ = {
			isa = PBXSourcesBuildPhase;
			buildActionMask = 2147483647;
			files = (
				69193ED6196E2F7200AC2473 /* ModouApiTestTests.m in Sources */,
			);
			runOnlyForDeploymentPostprocessing = 0;
		};
/* End PBXSourcesBuildPhase section */

/* Begin PBXTargetDependency section */
		69193ECE196E2F7200AC2473 /* PBXTargetDependency */ = {
			isa = PBXTargetDependency;
			target = 69193EA6196E2F7200AC2473 /* ModouApiTest */;
			targetProxy = 69193ECD196E2F7200AC2473 /* PBXContainerItemProxy */;
		};
/* End PBXTargetDependency section */

/* Begin PBXVariantGroup section */
		69193EB3196E2F7200AC2473 /* InfoPlist.strings */ = {
			isa = PBXVariantGroup;
			children = (
				69193EB4196E2F7200AC2473 /* en */,
			);
			name = InfoPlist.strings;
			sourceTree = "<group>";
		};
		69193EBC196E2F7200AC2473 /* Main.storyboard */ = {
			isa = PBXVariantGroup;
			children = (
				69193EBD196E2F7200AC2473 /* Base */,
			);
			name = Main.storyboard;
			sourceTree = "<group>";
		};
		69193ED2196E2F7200AC2473 /* InfoPlist.strings */ = {
			isa = PBXVariantGroup;
			children = (
				69193ED3196E2F7200AC2473 /* en */,
			);
			name = InfoPlist.strings;
			sourceTree = "<group>";
		};
/* End PBXVariantGroup section */

/* Begin XCBuildConfiguration section */
		69193ED7196E2F7200AC2473 /* Debug */ = {
			isa = XCBuildConfiguration;
			buildSettings = {
				ALWAYS_SEARCH_USER_PATHS = NO;
				CLANG_CXX_LANGUAGE_STANDARD = "gnu++0x";
				CLANG_CXX_LIBRARY = "libc++";
				CLANG_ENABLE_MODULES = YES;
				CLANG_ENABLE_OBJC_ARC = YES;
				CLANG_WARN_BOOL_CONVERSION = YES;
				CLANG_WARN_CONSTANT_CONVERSION = YES;
				CLANG_WARN_DIRECT_OBJC_ISA_USAGE = YES_ERROR;
				CLANG_WARN_EMPTY_BODY = YES;
				CLANG_WARN_ENUM_CONVERSION = YES;
				CLANG_WARN_INT_CONVERSION = YES;
				CLANG_WARN_OBJC_ROOT_CLASS = YES_ERROR;
				CLANG_WARN__DUPLICATE_METHOD_MATCH = YES;
				"CODE_SIGN_IDENTITY[sdk=iphoneos*]" = "iPhone Developer";
				COPY_PHASE_STRIP = NO;
				GCC_C_LANGUAGE_STANDARD = gnu99;
				GCC_DYNAMIC_NO_PIC = NO;
				GCC_OPTIMIZATION_LEVEL = 0;
				GCC_PREPROCESSOR_DEFINITIONS = (
					"DEBUG=1",
					"$(inherited)",
				);
				GCC_SYMBOLS_PRIVATE_EXTERN = NO;
				GCC_WARN_64_TO_32_BIT_CONVERSION = YES;
				GCC_WARN_ABOUT_RETURN_TYPE = YES_ERROR;
				GCC_WARN_UNDECLARED_SELECTOR = YES;
				GCC_WARN_UNINITIALIZED_AUTOS = YES_AGGRESSIVE;
				GCC_WARN_UNUSED_FUNCTION = YES;
				GCC_WARN_UNUSED_VARIABLE = YES;
				IPHONEOS_DEPLOYMENT_TARGET = 7.1;
				ONLY_ACTIVE_ARCH = YES;
				SDKROOT = iphoneos;
			};
			name = Debug;
		};
		69193ED8196E2F7200AC2473 /* Release */ = {
			isa = XCBuildConfiguration;
			buildSettings = {
				ALWAYS_SEARCH_USER_PATHS = NO;
				CLANG_CXX_LANGUAGE_STANDARD = "gnu++0x";
				CLANG_CXX_LIBRARY = "libc++";
				CLANG_ENABLE_MODULES = YES;
				CLANG_ENABLE_OBJC_ARC = YES;
				CLANG_WARN_BOOL_CONVERSION = YES;
				CLANG_WARN_CONSTANT_CONVERSION = YES;
				CLANG_WARN_DIRECT_OBJC_ISA_USAGE = YES_ERROR;
				CLANG_WARN_EMPTY_BODY = YES;
				CLANG_WARN_ENUM_CONVERSION = YES;
				CLANG_WARN_INT_CONVERSION = YES;
				CLANG_WARN_OBJC_ROOT_CLASS = YES_ERROR;
				CLANG_WARN__DUPLICATE_METHOD_MATCH = YES;
				"CODE_SIGN_IDENTITY[sdk=iphoneos*]" = "iPhone Developer";
				COPY_PHASE_STRIP = YES;
				ENABLE_NS_ASSERTIONS = NO;
				GCC_C_LANGUAGE_STANDARD = gnu99;
				GCC_WARN_64_TO_32_BIT_CONVERSION = YES;
				GCC_WARN_ABOUT_RETURN_TYPE = YES_ERROR;
				GCC_WARN_UNDECLARED_SELECTOR = YES;
				GCC_WARN_UNINITIALIZED_AUTOS = YES_AGGRESSIVE;
				GCC_WARN_UNUSED_FUNCTION = YES;
				GCC_WARN_UNUSED_VARIABLE = YES;
				IPHONEOS_DEPLOYMENT_TARGET = 7.1;
				SDKROOT = iphoneos;
				VALIDATE_PRODUCT = YES;
			};
			name = Release;
		};
		69193EDA196E2F7200AC2473 /* Debug */ = {
			isa = XCBuildConfiguration;
			buildSettings = {
				ASSETCATALOG_COMPILER_APPICON_NAME = AppIcon;
				ASSETCATALOG_COMPILER_LAUNCHIMAGE_NAME = LaunchImage;
				GCC_PRECOMPILE_PREFIX_HEADER = YES;
				GCC_PREFIX_HEADER = "ModouApiTest/ModouApiTest-Prefix.pch";
				INFOPLIST_FILE = "ModouApiTest/ModouApiTest-Info.plist";
				LIBRARY_SEARCH_PATHS = (
					"$(inherited)",
					"$(PROJECT_DIR)/ModouApiTest",
				);
				PRODUCT_NAME = "$(TARGET_NAME)";
				WRAPPER_EXTENSION = app;
			};
			name = Debug;
		};
		69193EDB196E2F7200AC2473 /* Release */ = {
			isa = XCBuildConfiguration;
			buildSettings = {
				ASSETCATALOG_COMPILER_APPICON_NAME = AppIcon;
				ASSETCATALOG_COMPILER_LAUNCHIMAGE_NAME = LaunchImage;
				GCC_PRECOMPILE_PREFIX_HEADER = YES;
				GCC_PREFIX_HEADER = "ModouApiTest/ModouApiTest-Prefix.pch";
				INFOPLIST_FILE = "ModouApiTest/ModouApiTest-Info.plist";
				LIBRARY_SEARCH_PATHS = (
					"$(inherited)",
					"$(PROJECT_DIR)/ModouApiTest",
				);
				PRODUCT_NAME = "$(TARGET_NAME)";
				WRAPPER_EXTENSION = app;
			};
			name = Release;
		};
		69193EDD196E2F7200AC2473 /* Debug */ = {
			isa = XCBuildConfiguration;
			buildSettings = {
				BUNDLE_LOADER = "$(BUILT_PRODUCTS_DIR)/ModouApiTest.app/ModouApiTest";
				FRAMEWORK_SEARCH_PATHS = (
					"$(SDKROOT)/Developer/Library/Frameworks",
					"$(inherited)",
					"$(DEVELOPER_FRAMEWORKS_DIR)",
				);
				GCC_PRECOMPILE_PREFIX_HEADER = YES;
				GCC_PREFIX_HEADER = "ModouApiTest/ModouApiTest-Prefix.pch";
				GCC_PREPROCESSOR_DEFINITIONS = (
					"DEBUG=1",
					"$(inherited)",
				);
				INFOPLIST_FILE = "ModouApiTestTests/ModouApiTestTests-Info.plist";
				PRODUCT_NAME = "$(TARGET_NAME)";
				TEST_HOST = "$(BUNDLE_LOADER)";
				WRAPPER_EXTENSION = xctest;
			};
			name = Debug;
		};
		69193EDE196E2F7200AC2473 /* Release */ = {
			isa = XCBuildConfiguration;
			buildSettings = {
				BUNDLE_LOADER = "$(BUILT_PRODUCTS_DIR)/ModouApiTest.app/ModouApiTest";
				FRAMEWORK_SEARCH_PATHS = (
					"$(SDKROOT)/Developer/Library/Frameworks",
					"$(inherited)",
					"$(DEVELOPER_FRAMEWORKS_DIR)",
				);
				GCC_PRECOMPILE_PREFIX_HEADER = YES;
				GCC_PREFIX_HEADER = "ModouApiTest/ModouApiTest-Prefix.pch";
				INFOPLIST_FILE = "ModouApiTestTests/ModouApiTestTests-Info.plist";
				PRODUCT_NAME = "$(TARGET_NAME)";
				TEST_HOST = "$(BUNDLE_LOADER)";
				WRAPPER_EXTENSION = xctest;
			};
			name = Release;
		};
/* End XCBuildConfiguration section */

/* Begin XCConfigurationList section */
		69193EA2196E2F7200AC2473 /* Build configuration list for PBXProject "ModouApiTest" */ = {
			isa = XCConfigurationList;
			buildConfigurations = (
				69193ED7196E2F7200AC2473 /* Debug */,
				69193ED8196E2F7200AC2473 /* Release */,
			);
			defaultConfigurationIsVisible = 0;
			defaultConfigurationName = Release;
		};
		69193ED9196E2F7200AC2473 /* Build configuration list for PBXNativeTarget "ModouApiTest" */ = {
			isa = XCConfigurationList;
			buildConfigurations = (
				69193EDA196E2F7200AC2473 /* Debug */,
				69193EDB196E2F7200AC2473 /* Release */,
			);
			defaultConfigurationIsVisible = 0;
		};
		69193EDC196E2F7200AC2473 /* Build configuration list for PBXNativeTarget "ModouApiTestTests" */ = {
			isa = XCConfigurationList;
			buildConfigurations = (
				69193EDD196E2F7200AC2473 /* Debug */,
				69193EDE196E2F7200AC2473 /* Release */,
			);
			defaultConfigurationIsVisible = 0;
		};
/* End XCConfigurationList section */
	};
	rootObject = 69193E9F196E2F7200AC2473 /* Project object */;
}
